
Microsoft Visual Studio Solution File, Format Version 12.00
# Visual Studio Version 16
VisualStudioVersion = 16.6.30114.105
MinimumVisualStudioVersion = 10.0.40219.1
Project("{2150E333-8FDC-42A3-9474-1A3956D46DE8}") = "src", "src", "{93C9BC1A-40CD-42EA-8ED8-20516C1BE639}"
EndProject
Project("{9A19103F-16F7-4668-BE54-9A1E7A4F7556}") = "Application", "src\Application\Application.csproj", "{B9B87B08-6469-4FAF-923E-2E0547E14790}"
EndProject
Project("{9A19103F-16F7-4668-BE54-9A1E7A4F7556}") = "Persistence", "src\Persistence\Persistence.csproj", "{BF116049-2F03-47DD-9843-CDC9A79903D1}"
EndProject
Project("{9A19103F-16F7-4668-BE54-9A1E7A4F7556}") = "Domain", "src\Domain\Domain.csproj", "{9B50E9C4-4690-4F78-9CD9-817892EF8D60}"
EndProject
Project("{9A19103F-16F7-4668-BE54-9A1E7A4F7556}") = "WebApi", "src\WebApi\WebApi.csproj", "{C71A0EB3-A255-46F5-A794-31CE96874E1D}"
EndProject
Project("{2150E333-8FDC-42A3-9474-1A3956D46DE8}") = "tests", "tests", "{C7519494-E1BB-4003-B8B9-A77CCD260126}"
EndProject
Project("{9A19103F-16F7-4668-BE54-9A1E7A4F7556}") = "WebApi.UnitTests", "tests\WebApi.UnitTests\WebApi.UnitTests.csproj", "{6FC157A2-983E-450C-AA16-77F7B6CAA337}"
EndProject
Project("{9A19103F-16F7-4668-BE54-9A1E7A4F7556}") = "Infrastructure", "src\Infrastructure\Infrastructure.csproj", "{C4AE6ECF-DABA-4F07-BD0A-A751FF121F99}"
EndProject
Project("{9A19103F-16F7-4668-BE54-9A1E7A4F7556}") = "Application.UnitTests", "tests\Application.UnitTests\Application.UnitTests.csproj", "{C5271E80-CE1B-4273-9914-8FDB7C406A77}"
EndProject
Global
	GlobalSection(SolutionConfigurationPlatforms) = preSolution
		Debug|Any CPU = Debug|Any CPU
		Debug|x64 = Debug|x64
		Debug|x86 = Debug|x86
		Release|Any CPU = Release|Any CPU
		Release|x64 = Release|x64
		Release|x86 = Release|x86
	EndGlobalSection
	GlobalSection(ProjectConfigurationPlatforms) = postSolution
		{B9B87B08-6469-4FAF-923E-2E0547E14790}.Debug|Any CPU.ActiveCfg = Debug|Any CPU
		{B9B87B08-6469-4FAF-923E-2E0547E14790}.Debug|Any CPU.Build.0 = Debug|Any CPU
		{B9B87B08-6469-4FAF-923E-2E0547E14790}.Debug|x64.ActiveCfg = Debug|Any CPU
		{B9B87B08-6469-4FAF-923E-2E0547E14790}.Debug|x64.Build.0 = Debug|Any CPU
		{B9B87B08-6469-4FAF-923E-2E0547E14790}.Debug|x86.ActiveCfg = Debug|Any CPU
		{B9B87B08-6469-4FAF-923E-2E0547E14790}.Debug|x86.Build.0 = Debug|Any CPU
		{B9B87B08-6469-4FAF-923E-2E0547E14790}.Release|Any CPU.ActiveCfg = Release|Any CPU
		{B9B87B08-6469-4FAF-923E-2E0547E14790}.Release|Any CPU.Build.0 = Release|Any CPU
		{B9B87B08-6469-4FAF-923E-2E0547E14790}.Release|x64.ActiveCfg = Release|Any CPU
		{B9B87B08-6469-4FAF-923E-2E0547E14790}.Release|x64.Build.0 = Release|Any CPU
		{B9B87B08-6469-4FAF-923E-2E0547E14790}.Release|x86.ActiveCfg = Release|Any CPU
		{B9B87B08-6469-4FAF-923E-2E0547E14790}.Release|x86.Build.0 = Release|Any CPU
		{BF116049-2F03-47DD-9843-CDC9A79903D1}.Debug|Any CPU.ActiveCfg = Debug|Any CPU
		{BF116049-2F03-47DD-9843-CDC9A79903D1}.Debug|Any CPU.Build.0 = Debug|Any CPU
		{BF116049-2F03-47DD-9843-CDC9A79903D1}.Debug|x64.ActiveCfg = Debug|Any CPU
		{BF116049-2F03-47DD-9843-CDC9A79903D1}.Debug|x64.Build.0 = Debug|Any CPU
		{BF116049-2F03-47DD-9843-CDC9A79903D1}.Debug|x86.ActiveCfg = Debug|Any CPU
		{BF116049-2F03-47DD-9843-CDC9A79903D1}.Debug|x86.Build.0 = Debug|Any CPU
		{BF116049-2F03-47DD-9843-CDC9A79903D1}.Release|Any CPU.ActiveCfg = Release|Any CPU
		{BF116049-2F03-47DD-9843-CDC9A79903D1}.Release|Any CPU.Build.0 = Release|Any CPU
		{BF116049-2F03-47DD-9843-CDC9A79903D1}.Release|x64.ActiveCfg = Release|Any CPU
		{BF116049-2F03-47DD-9843-CDC9A79903D1}.Release|x64.Build.0 = Release|Any CPU
		{BF116049-2F03-47DD-9843-CDC9A79903D1}.Release|x86.ActiveCfg = Release|Any CPU
		{BF116049-2F03-47DD-9843-CDC9A79903D1}.Release|x86.Build.0 = Release|Any CPU
		{9B50E9C4-4690-4F78-9CD9-817892EF8D60}.Debug|Any CPU.ActiveCfg = Debug|Any CPU
		{9B50E9C4-4690-4F78-9CD9-817892EF8D60}.Debug|Any CPU.Build.0 = Debug|Any CPU
		{9B50E9C4-4690-4F78-9CD9-817892EF8D60}.Debug|x64.ActiveCfg = Debug|Any CPU
		{9B50E9C4-4690-4F78-9CD9-817892EF8D60}.Debug|x64.Build.0 = Debug|Any CPU
		{9B50E9C4-4690-4F78-9CD9-817892EF8D60}.Debug|x86.ActiveCfg = Debug|Any CPU
		{9B50E9C4-4690-4F78-9CD9-817892EF8D60}.Debug|x86.Build.0 = Debug|Any CPU
		{9B50E9C4-4690-4F78-9CD9-817892EF8D60}.Release|Any CPU.ActiveCfg = Release|Any CPU
		{9B50E9C4-4690-4F78-9CD9-817892EF8D60}.Release|Any CPU.Build.0 = Release|Any CPU
		{9B50E9C4-4690-4F78-9CD9-817892EF8D60}.Release|x64.ActiveCfg = Release|Any CPU
		{9B50E9C4-4690-4F78-9CD9-817892EF8D60}.Release|x64.Build.0 = Release|Any CPU
		{9B50E9C4-4690-4F78-9CD9-817892EF8D60}.Release|x86.ActiveCfg = Release|Any CPU
		{9B50E9C4-4690-4F78-9CD9-817892EF8D60}.Release|x86.Build.0 = Release|Any CPU
		{C71A0EB3-A255-46F5-A794-31CE96874E1D}.Debug|Any CPU.ActiveCfg = Debug|Any CPU
		{C71A0EB3-A255-46F5-A794-31CE96874E1D}.Debug|Any CPU.Build.0 = Debug|Any CPU
		{C71A0EB3-A255-46F5-A794-31CE96874E1D}.Debug|x64.ActiveCfg = Debug|Any CPU
		{C71A0EB3-A255-46F5-A794-31CE96874E1D}.Debug|x64.Build.0 = Debug|Any CPU
		{C71A0EB3-A255-46F5-A794-31CE96874E1D}.Debug|x86.ActiveCfg = Debug|Any CPU
		{C71A0EB3-A255-46F5-A794-31CE96874E1D}.Debug|x86.Build.0 = Debug|Any CPU
		{C71A0EB3-A255-46F5-A794-31CE96874E1D}.Release|Any CPU.ActiveCfg = Release|Any CPU
		{C71A0EB3-A255-46F5-A794-31CE96874E1D}.Release|Any CPU.Build.0 = Release|Any CPU
		{C71A0EB3-A255-46F5-A794-31CE96874E1D}.Release|x64.ActiveCfg = Release|Any CPU
		{C71A0EB3-A255-46F5-A794-31CE96874E1D}.Release|x64.Build.0 = Release|Any CPU
		{C71A0EB3-A255-46F5-A794-31CE96874E1D}.Release|x86.ActiveCfg = Release|Any CPU
		{C71A0EB3-A255-46F5-A794-31CE96874E1D}.Release|x86.Build.0 = Release|Any CPU
		{6FC157A2-983E-450C-AA16-77F7B6CAA337}.Debug|Any CPU.ActiveCfg = Debug|Any CPU
		{6FC157A2-983E-450C-AA16-77F7B6CAA337}.Debug|Any CPU.Build.0 = Debug|Any CPU
		{6FC157A2-983E-450C-AA16-77F7B6CAA337}.Debug|x64.ActiveCfg = Debug|Any CPU
		{6FC157A2-983E-450C-AA16-77F7B6CAA337}.Debug|x64.Build.0 = Debug|Any CPU
		{6FC157A2-983E-450C-AA16-77F7B6CAA337}.Debug|x86.ActiveCfg = Debug|Any CPU
		{6FC157A2-983E-450C-AA16-77F7B6CAA337}.Debug|x86.Build.0 = Debug|Any CPU
		{6FC157A2-983E-450C-AA16-77F7B6CAA337}.Release|Any CPU.ActiveCfg = Release|Any CPU
		{6FC157A2-983E-450C-AA16-77F7B6CAA337}.Release|Any CPU.Build.0 = Release|Any CPU
		{6FC157A2-983E-450C-AA16-77F7B6CAA337}.Release|x64.ActiveCfg = Release|Any CPU
		{6FC157A2-983E-450C-AA16-77F7B6CAA337}.Release|x64.Build.0 = Release|Any CPU
		{6FC157A2-983E-450C-AA16-77F7B6CAA337}.Release|x86.ActiveCfg = Release|Any CPU
		{6FC157A2-983E-450C-AA16-77F7B6CAA337}.Release|x86.Build.0 = Release|Any CPU
		{C4AE6ECF-DABA-4F07-BD0A-A751FF121F99}.Debug|Any CPU.ActiveCfg = Debug|Any CPU
		{C4AE6ECF-DABA-4F07-BD0A-A751FF121F99}.Debug|Any CPU.Build.0 = Debug|Any CPU
		{C4AE6ECF-DABA-4F07-BD0A-A751FF121F99}.Debug|x64.ActiveCfg = Debug|Any CPU
		{C4AE6ECF-DABA-4F07-BD0A-A751FF121F99}.Debug|x64.Build.0 = Debug|Any CPU
		{C4AE6ECF-DABA-4F07-BD0A-A751FF121F99}.Debug|x86.ActiveCfg = Debug|Any CPU
		{C4AE6ECF-DABA-4F07-BD0A-A751FF121F99}.Debug|x86.Build.0 = Debug|Any CPU
		{C4AE6ECF-DABA-4F07-BD0A-A751FF121F99}.Release|Any CPU.ActiveCfg = Release|Any CPU
		{C4AE6ECF-DABA-4F07-BD0A-A751FF121F99}.Release|Any CPU.Build.0 = Release|Any CPU
		{C4AE6ECF-DABA-4F07-BD0A-A751FF121F99}.Release|x64.ActiveCfg = Release|Any CPU
		{C4AE6ECF-DABA-4F07-BD0A-A751FF121F99}.Release|x64.Build.0 = Release|Any CPU
		{C4AE6ECF-DABA-4F07-BD0A-A751FF121F99}.Release|x86.ActiveCfg = Release|Any CPU
		{C4AE6ECF-DABA-4F07-BD0A-A751FF121F99}.Release|x86.Build.0 = Release|Any CPU
		{C5271E80-CE1B-4273-9914-8FDB7C406A77}.Debug|Any CPU.ActiveCfg = Debug|Any CPU
		{C5271E80-CE1B-4273-9914-8FDB7C406A77}.Debug|Any CPU.Build.0 = Debug|Any CPU
		{C5271E80-CE1B-4273-9914-8FDB7C406A77}.Debug|x64.ActiveCfg = Debug|Any CPU
		{C5271E80-CE1B-4273-9914-8FDB7C406A77}.Debug|x64.Build.0 = Debug|Any CPU
		{C5271E80-CE1B-4273-9914-8FDB7C406A77}.Debug|x86.ActiveCfg = Debug|Any CPU
		{C5271E80-CE1B-4273-9914-8FDB7C406A77}.Debug|x86.Build.0 = Debug|Any CPU
		{C5271E80-CE1B-4273-9914-8FDB7C406A77}.Release|Any CPU.ActiveCfg = Release|Any CPU
		{C5271E80-CE1B-4273-9914-8FDB7C406A77}.Release|Any CPU.Build.0 = Release|Any CPU
		{C5271E80-CE1B-4273-9914-8FDB7C406A77}.Release|x64.ActiveCfg = Release|Any CPU
		{C5271E80-CE1B-4273-9914-8FDB7C406A77}.Release|x64.Build.0 = Release|Any CPU
		{C5271E80-CE1B-4273-9914-8FDB7C406A77}.Release|x86.ActiveCfg = Release|Any CPU
		{C5271E80-CE1B-4273-9914-8FDB7C406A77}.Release|x86.Build.0 = Release|Any CPU
	EndGlobalSection
	GlobalSection(SolutionProperties) = preSolution
		HideSolutionNode = FALSE
	EndGlobalSection
	GlobalSection(NestedProjects) = preSolution
		{B9B87B08-6469-4FAF-923E-2E0547E14790} = {93C9BC1A-40CD-42EA-8ED8-20516C1BE639}
		{BF116049-2F03-47DD-9843-CDC9A79903D1} = {93C9BC1A-40CD-42EA-8ED8-20516C1BE639}
		{9B50E9C4-4690-4F78-9CD9-817892EF8D60} = {93C9BC1A-40CD-42EA-8ED8-20516C1BE639}
		{C71A0EB3-A255-46F5-A794-31CE96874E1D} = {93C9BC1A-40CD-42EA-8ED8-20516C1BE639}
		{6FC157A2-983E-450C-AA16-77F7B6CAA337} = {C7519494-E1BB-4003-B8B9-A77CCD260126}
		{C4AE6ECF-DABA-4F07-BD0A-A751FF121F99} = {93C9BC1A-40CD-42EA-8ED8-20516C1BE639}
		{C5271E80-CE1B-4273-9914-8FDB7C406A77} = {C7519494-E1BB-4003-B8B9-A77CCD260126}
	EndGlobalSection
	GlobalSection(ExtensibilityGlobals) = postSolution
		SolutionGuid = {B59A447B-8EE7-4E17-8250-A2018F15163C}
	EndGlobalSection
EndGlobal
